
Microsoft Visual Studio Solution File, Format Version 12.00
# Visual Studio Version 16
VisualStudioVersion = 16.0.30804.86
MinimumVisualStudioVersion = 10.0.40219.1
Project("{9A19103F-16F7-4668-BE54-9A1E7A4F7556}") = "KampIntro1", "KampIntro1\KampIntro1.csproj", "{A34FE6D6-0478-49C0-96FA-FF2F1A02537A}"
EndProject
Project("{9A19103F-16F7-4668-BE54-9A1E7A4F7556}") = "Donguler", "Donguler\Donguler.csproj", "{E7166B93-32BD-41DD-BA10-8ED135A1EF9A}"
EndProject
Project("{9A19103F-16F7-4668-BE54-9A1E7A4F7556}") = "ClassIntro", "ClassIntro\ClassIntro.csproj", "{5CF6520B-5411-4AA9-8ADB-4C6A9DCBD8F5}"
EndProject
Project("{9A19103F-16F7-4668-BE54-9A1E7A4F7556}") = "Metotlar", "Metotlar\Metotlar.csproj", "{861468EC-644F-4F98-9C22-33D96FBA0A3C}"
EndProject
Project("{9A19103F-16F7-4668-BE54-9A1E7A4F7556}") = "Matematik", "Matematik\Matematik.csproj", "{B615BE7C-3287-46AA-91EC-F4B92B1BF1D3}"
EndProject
Project("{9A19103F-16F7-4668-BE54-9A1E7A4F7556}") = "DegerVeReferansTipler", "DegerVeReferansTipler\DegerVeReferansTipler.csproj", "{89B510EA-299B-402E-B834-8C5A4B0C23FB}"
EndProject
Project("{9A19103F-16F7-4668-BE54-9A1E7A4F7556}") = "OOP1", "OOP1\OOP1.csproj", "{418013AA-6D31-4F6C-AF93-73454FFB334D}"
EndProject
Project("{9A19103F-16F7-4668-BE54-9A1E7A4F7556}") = "Methods(task1--)", "Methods(task1--)\Methods(task1--).csproj", "{62E19F37-EA5E-4E72-B1DE-EC153E9EA097}"
EndProject
Project("{9A19103F-16F7-4668-BE54-9A1E7A4F7556}") = "Arrays", "Arrays\Arrays.csproj", "{FD56CD67-318B-4270-AB12-8590FC6BBC89}"
EndProject
Project("{9A19103F-16F7-4668-BE54-9A1E7A4F7556}") = "Collections", "Collections\Collections.csproj", "{E695BF68-E81F-4FBD-B34C-2127A04BFDB8}"
EndProject
Project("{9A19103F-16F7-4668-BE54-9A1E7A4F7556}") = "GenericsIntro", "GenericsIntro\GenericsIntro.csproj", "{9311A1EE-8D5B-4A2A-A091-3CF3BFE5D514}"
EndProject
Project("{9A19103F-16F7-4668-BE54-9A1E7A4F7556}") = "OOP2", "OOP2\OOP2.csproj", "{BED36296-19CA-40DB-9626-66891BC273E6}"
EndProject
Project("{9A19103F-16F7-4668-BE54-9A1E7A4F7556}") = "OOP3", "OOP3\OOP3.csproj", "{14CEE94B-4E86-4330-A563-4F02E11DC4A0}"
EndProject
Project("{FAE04EC0-301F-11D3-BF4B-00C04F79EFBC}") = "Classes", "Classes\Classes.csproj", "{5886C6DC-855D-4FC8-8AB8-CA00DEDE946E}"
EndProject
Project("{FAE04EC0-301F-11D3-BF4B-00C04F79EFBC}") = "RecapDemo1", "RecapDemo1\RecapDemo1.csproj", "{9FEA415C-526E-4E49-ADCE-7F3E353C6527}"
EndProject
Project("{FAE04EC0-301F-11D3-BF4B-00C04F79EFBC}") = "Interfaces", "Interfaces\Interfaces.csproj", "{12AE73C5-DD6E-4908-8310-C202687E79B3}"
EndProject
Global
	GlobalSection(SolutionConfigurationPlatforms) = preSolution
		Debug|Any CPU = Debug|Any CPU
		Release|Any CPU = Release|Any CPU
	EndGlobalSection
	GlobalSection(ProjectConfigurationPlatforms) = postSolution
		{A34FE6D6-0478-49C0-96FA-FF2F1A02537A}.Debug|Any CPU.ActiveCfg = Debug|Any CPU
		{A34FE6D6-0478-49C0-96FA-FF2F1A02537A}.Debug|Any CPU.Build.0 = Debug|Any CPU
		{A34FE6D6-0478-49C0-96FA-FF2F1A02537A}.Release|Any CPU.ActiveCfg = Release|Any CPU
		{A34FE6D6-0478-49C0-96FA-FF2F1A02537A}.Release|Any CPU.Build.0 = Release|Any CPU
		{E7166B93-32BD-41DD-BA10-8ED135A1EF9A}.Debug|Any CPU.ActiveCfg = Debug|Any CPU
		{E7166B93-32BD-41DD-BA10-8ED135A1EF9A}.Debug|Any CPU.Build.0 = Debug|Any CPU
		{E7166B93-32BD-41DD-BA10-8ED135A1EF9A}.Release|Any CPU.ActiveCfg = Release|Any CPU
		{E7166B93-32BD-41DD-BA10-8ED135A1EF9A}.Release|Any CPU.Build.0 = Release|Any CPU
		{5CF6520B-5411-4AA9-8ADB-4C6A9DCBD8F5}.Debug|Any CPU.ActiveCfg = Debug|Any CPU
		{5CF6520B-5411-4AA9-8ADB-4C6A9DCBD8F5}.Debug|Any CPU.Build.0 = Debug|Any CPU
		{5CF6520B-5411-4AA9-8ADB-4C6A9DCBD8F5}.Release|Any CPU.ActiveCfg = Release|Any CPU
		{5CF6520B-5411-4AA9-8ADB-4C6A9DCBD8F5}.Release|Any CPU.Build.0 = Release|Any CPU
		{861468EC-644F-4F98-9C22-33D96FBA0A3C}.Debug|Any CPU.ActiveCfg = Debug|Any CPU
		{861468EC-644F-4F98-9C22-33D96FBA0A3C}.Debug|Any CPU.Build.0 = Debug|Any CPU
		{861468EC-644F-4F98-9C22-33D96FBA0A3C}.Release|Any CPU.ActiveCfg = Release|Any CPU
		{861468EC-644F-4F98-9C22-33D96FBA0A3C}.Release|Any CPU.Build.0 = Release|Any CPU
		{B615BE7C-3287-46AA-91EC-F4B92B1BF1D3}.Debug|Any CPU.ActiveCfg = Debug|Any CPU
		{B615BE7C-3287-46AA-91EC-F4B92B1BF1D3}.Debug|Any CPU.Build.0 = Debug|Any CPU
		{B615BE7C-3287-46AA-91EC-F4B92B1BF1D3}.Release|Any CPU.ActiveCfg = Release|Any CPU
		{B615BE7C-3287-46AA-91EC-F4B92B1BF1D3}.Release|Any CPU.Build.0 = Release|Any CPU
		{89B510EA-299B-402E-B834-8C5A4B0C23FB}.Debug|Any CPU.ActiveCfg = Debug|Any CPU
		{89B510EA-299B-402E-B834-8C5A4B0C23FB}.Debug|Any CPU.Build.0 = Debug|Any CPU
		{89B510EA-299B-402E-B834-8C5A4B0C23FB}.Release|Any CPU.ActiveCfg = Release|Any CPU
		{89B510EA-299B-402E-B834-8C5A4B0C23FB}.Release|Any CPU.Build.0 = Release|Any CPU
		{418013AA-6D31-4F6C-AF93-73454FFB334D}.Debug|Any CPU.ActiveCfg = Debug|Any CPU
		{418013AA-6D31-4F6C-AF93-73454FFB334D}.Debug|Any CPU.Build.0 = Debug|Any CPU
		{418013AA-6D31-4F6C-AF93-73454FFB334D}.Release|Any CPU.ActiveCfg = Release|Any CPU
		{418013AA-6D31-4F6C-AF93-73454FFB334D}.Release|Any CPU.Build.0 = Release|Any CPU
		{62E19F37-EA5E-4E72-B1DE-EC153E9EA097}.Debug|Any CPU.ActiveCfg = Debug|Any CPU
		{62E19F37-EA5E-4E72-B1DE-EC153E9EA097}.Debug|Any CPU.Build.0 = Debug|Any CPU
		{62E19F37-EA5E-4E72-B1DE-EC153E9EA097}.Release|Any CPU.ActiveCfg = Release|Any CPU
		{62E19F37-EA5E-4E72-B1DE-EC153E9EA097}.Release|Any CPU.Build.0 = Release|Any CPU
		{FD56CD67-318B-4270-AB12-8590FC6BBC89}.Debug|Any CPU.ActiveCfg = Debug|Any CPU
		{FD56CD67-318B-4270-AB12-8590FC6BBC89}.Debug|Any CPU.Build.0 = Debug|Any CPU
		{FD56CD67-318B-4270-AB12-8590FC6BBC89}.Release|Any CPU.ActiveCfg = Release|Any CPU
		{FD56CD67-318B-4270-AB12-8590FC6BBC89}.Release|Any CPU.Build.0 = Release|Any CPU
		{E695BF68-E81F-4FBD-B34C-2127A04BFDB8}.Debug|Any CPU.ActiveCfg = Debug|Any CPU
		{E695BF68-E81F-4FBD-B34C-2127A04BFDB8}.Debug|Any CPU.Build.0 = Debug|Any CPU
		{E695BF68-E81F-4FBD-B34C-2127A04BFDB8}.Release|Any CPU.ActiveCfg = Release|Any CPU
		{E695BF68-E81F-4FBD-B34C-2127A04BFDB8}.Release|Any CPU.Build.0 = Release|Any CPU
		{9311A1EE-8D5B-4A2A-A091-3CF3BFE5D514}.Debug|Any CPU.ActiveCfg = Debug|Any CPU
		{9311A1EE-8D5B-4A2A-A091-3CF3BFE5D514}.Debug|Any CPU.Build.0 = Debug|Any CPU
		{9311A1EE-8D5B-4A2A-A091-3CF3BFE5D514}.Release|Any CPU.ActiveCfg = Release|Any CPU
		{9311A1EE-8D5B-4A2A-A091-3CF3BFE5D514}.Release|Any CPU.Build.0 = Release|Any CPU
		{BED36296-19CA-40DB-9626-66891BC273E6}.Debug|Any CPU.ActiveCfg = Debug|Any CPU
		{BED36296-19CA-40DB-9626-66891BC273E6}.Debug|Any CPU.Build.0 = Debug|Any CPU
		{BED36296-19CA-40DB-9626-66891BC273E6}.Release|Any CPU.ActiveCfg = Release|Any CPU
		{BED36296-19CA-40DB-9626-66891BC273E6}.Release|Any CPU.Build.0 = Release|Any CPU
		{14CEE94B-4E86-4330-A563-4F02E11DC4A0}.Debug|Any CPU.ActiveCfg = Debug|Any CPU
		{14CEE94B-4E86-4330-A563-4F02E11DC4A0}.Debug|Any CPU.Build.0 = Debug|Any CPU
		{14CEE94B-4E86-4330-A563-4F02E11DC4A0}.Release|Any CPU.ActiveCfg = Release|Any CPU
		{14CEE94B-4E86-4330-A563-4F02E11DC4A0}.Release|Any CPU.Build.0 = Release|Any CPU
		{5886C6DC-855D-4FC8-8AB8-CA00DEDE946E}.Debug|Any CPU.ActiveCfg = Debug|Any CPU
		{5886C6DC-855D-4FC8-8AB8-CA00DEDE946E}.Debug|Any CPU.Build.0 = Debug|Any CPU
		{5886C6DC-855D-4FC8-8AB8-CA00DEDE946E}.Release|Any CPU.ActiveCfg = Release|Any CPU
		{5886C6DC-855D-4FC8-8AB8-CA00DEDE946E}.Release|Any CPU.Build.0 = Release|Any CPU
		{9FEA415C-526E-4E49-ADCE-7F3E353C6527}.Debug|Any CPU.ActiveCfg = Debug|Any CPU
		{9FEA415C-526E-4E49-ADCE-7F3E353C6527}.Debug|Any CPU.Build.0 = Debug|Any CPU
		{9FEA415C-526E-4E49-ADCE-7F3E353C6527}.Release|Any CPU.ActiveCfg = Release|Any CPU
		{9FEA415C-526E-4E49-ADCE-7F3E353C6527}.Release|Any CPU.Build.0 = Release|Any CPU
		{12AE73C5-DD6E-4908-8310-C202687E79B3}.Debug|Any CPU.ActiveCfg = Debug|Any CPU
		{12AE73C5-DD6E-4908-8310-C202687E79B3}.Debug|Any CPU.Build.0 = Debug|Any CPU
		{12AE73C5-DD6E-4908-8310-C202687E79B3}.Release|Any CPU.ActiveCfg = Release|Any CPU
		{12AE73C5-DD6E-4908-8310-C202687E79B3}.Release|Any CPU.Build.0 = Release|Any CPU
	EndGlobalSection
	GlobalSection(SolutionProperties) = preSolution
		HideSolutionNode = FALSE
	EndGlobalSection
	GlobalSection(ExtensibilityGlobals) = postSolution
		SolutionGuid = {F78EB3A2-C355-4F30-92BA-29307FE4C835}
	EndGlobalSection
EndGlobal
